// !$*UTF8*$!
{
	archiveVersion = 1;
	classes = {
	};
	objectVersion = 55;
	objects = {

/* Begin PBXBuildFile section */
		6C489D2D282AA49900A85710 /* AppDelegate.swift in Sources */ = {isa = PBXBuildFile; fileRef = 6C489D2C282AA49900A85710 /* AppDelegate.swift */; };
		6C489D2F282AA49900A85710 /* SceneDelegate.swift in Sources */ = {isa = PBXBuildFile; fileRef = 6C489D2E282AA49900A85710 /* SceneDelegate.swift */; };
		6C489D31282AA49900A85710 /* MainViewController.swift in Sources */ = {isa = PBXBuildFile; fileRef = 6C489D30282AA49900A85710 /* MainViewController.swift */; };
		6C489D36282AA49A00A85710 /* Assets.xcassets in Resources */ = {isa = PBXBuildFile; fileRef = 6C489D35282AA49A00A85710 /* Assets.xcassets */; };
		6C489D39282AA49A00A85710 /* LaunchScreen.storyboard in Resources */ = {isa = PBXBuildFile; fileRef = 6C489D37282AA49A00A85710 /* LaunchScreen.storyboard */; };
		6C489D42282AA53F00A85710 /* Lottie in Frameworks */ = {isa = PBXBuildFile; productRef = 6C489D41282AA53F00A85710 /* Lottie */; };
		6C489D45282AA75E00A85710 /* OpenGiftViewController.swift in Sources */ = {isa = PBXBuildFile; fileRef = 6C489D44282AA75E00A85710 /* OpenGiftViewController.swift */; };
		6C489D49282AAA4600A85710 /* holidaysGiftAnimation.json in Resources */ = {isa = PBXBuildFile; fileRef = 6C489D48282AAA4600A85710 /* holidaysGiftAnimation.json */; };
/* End PBXBuildFile section */

/* Begin PBXFileReference section */
		6C489D29282AA49900A85710 /* LottieInteractionsExamples.app */ = {isa = PBXFileReference; explicitFileType = wrapper.application; includeInIndex = 0; path = LottieInteractionsExamples.app; sourceTree = BUILT_PRODUCTS_DIR; };
		6C489D2C282AA49900A85710 /* AppDelegate.swift */ = {isa = PBXFileReference; lastKnownFileType = sourcecode.swift; path = AppDelegate.swift; sourceTree = "<group>"; };
		6C489D2E282AA49900A85710 /* SceneDelegate.swift */ = {isa = PBXFileReference; lastKnownFileType = sourcecode.swift; path = SceneDelegate.swift; sourceTree = "<group>"; };
		6C489D30282AA49900A85710 /* MainViewController.swift */ = {isa = PBXFileReference; lastKnownFileType = sourcecode.swift; path = MainViewController.swift; sourceTree = "<group>"; };
		6C489D35282AA49A00A85710 /* Assets.xcassets */ = {isa = PBXFileReference; lastKnownFileType = folder.assetcatalog; path = Assets.xcassets; sourceTree = "<group>"; };
		6C489D38282AA49A00A85710 /* Base */ = {isa = PBXFileReference; lastKnownFileType = file.storyboard; name = Base; path = Base.lproj/LaunchScreen.storyboard; sourceTree = "<group>"; };
		6C489D3A282AA49A00A85710 /* Info.plist */ = {isa = PBXFileReference; lastKnownFileType = text.plist.xml; path = Info.plist; sourceTree = "<group>"; };
		6C489D44282AA75E00A85710 /* OpenGiftViewController.swift */ = {isa = PBXFileReference; lastKnownFileType = sourcecode.swift; path = OpenGiftViewController.swift; sourceTree = "<group>"; };
		6C489D48282AAA4600A85710 /* holidaysGiftAnimation.json */ = {isa = PBXFileReference; fileEncoding = 4; lastKnownFileType = text.json; path = holidaysGiftAnimation.json; sourceTree = "<group>"; };
/* End PBXFileReference section */

/* Begin PBXFrameworksBuildPhase section */
		6C489D26282AA49900A85710 /* Frameworks */ = {
			isa = PBXFrameworksBuildPhase;
			buildActionMask = 2147483647;
			files = (
				6C489D42282AA53F00A85710 /* Lottie in Frameworks */,
			);
			runOnlyForDeploymentPostprocessing = 0;
		};
/* End PBXFrameworksBuildPhase section */

/* Begin PBXGroup section */
		6C489D20282AA49800A85710 = {
			isa = PBXGroup;
			children = (
				6C489D2B282AA49900A85710 /* LottieInteractionsExamples */,
				6C489D2A282AA49900A85710 /* Products */,
			);
			sourceTree = "<group>";
		};
		6C489D2A282AA49900A85710 /* Products */ = {
			isa = PBXGroup;
			children = (
				6C489D29282AA49900A85710 /* LottieInteractionsExamples.app */,
			);
			name = Products;
			sourceTree = "<group>";
		};
		6C489D2B282AA49900A85710 /* LottieInteractionsExamples */ = {
			isa = PBXGroup;
			children = (
				6C489D30282AA49900A85710 /* MainViewController.swift */,
				6C489D44282AA75E00A85710 /* OpenGiftViewController.swift */,
				6C489D46282AAA1600A85710 /* Assets */,
				6C489D43282AA55000A85710 /* Supporting Files */,
			);
			path = LottieInteractionsExamples;
			sourceTree = "<group>";
		};
		6C489D43282AA55000A85710 /* Supporting Files */ = {
			isa = PBXGroup;
			children = (
				6C489D2C282AA49900A85710 /* AppDelegate.swift */,
				6C489D2E282AA49900A85710 /* SceneDelegate.swift */,
				6C489D37282AA49A00A85710 /* LaunchScreen.storyboard */,
				6C489D3A282AA49A00A85710 /* Info.plist */,
			);
			name = "Supporting Files";
			sourceTree = "<group>";
		};
		6C489D46282AAA1600A85710 /* Assets */ = {
			isa = PBXGroup;
			children = (
				6C489D47282AAA2200A85710 /* Animations */,
				6C489D35282AA49A00A85710 /* Assets.xcassets */,
			);
			path = Assets;
			sourceTree = "<group>";
		};
		6C489D47282AAA2200A85710 /* Animations */ = {
			isa = PBXGroup;
			children = (
				6C489D48282AAA4600A85710 /* holidaysGiftAnimation.json */,
			);
			path = Animations;
			sourceTree = "<group>";
		};
/* End PBXGroup section */

/* Begin PBXNativeTarget section */
		6C489D28282AA49900A85710 /* LottieInteractionsExamples */ = {
			isa = PBXNativeTarget;
			buildConfigurationList = 6C489D3D282AA49A00A85710 /* Build configuration list for PBXNativeTarget "LottieInteractionsExamples" */;
			buildPhases = (
				6C489D25282AA49900A85710 /* Sources */,
				6C489D26282AA49900A85710 /* Frameworks */,
				6C489D27282AA49900A85710 /* Resources */,
			);
			buildRules = (
			);
			dependencies = (
			);
			name = LottieInteractionsExamples;
			packageProductDependencies = (
				6C489D41282AA53F00A85710 /* Lottie */,
			);
			productName = LottieInteractionsExamples;
			productReference = 6C489D29282AA49900A85710 /* LottieInteractionsExamples.app */;
			productType = "com.apple.product-type.application";
		};
/* End PBXNativeTarget section */

/* Begin PBXProject section */
		6C489D21282AA49800A85710 /* Project object */ = {
			isa = PBXProject;
			attributes = {
				BuildIndependentTargetsInParallel = 1;
				LastSwiftUpdateCheck = 1330;
				LastUpgradeCheck = 1330;
				TargetAttributes = {
					6C489D28282AA49900A85710 = {
						CreatedOnToolsVersion = 13.3.1;
					};
				};
			};
			buildConfigurationList = 6C489D24282AA49800A85710 /* Build configuration list for PBXProject "LottieInteractionsExamples" */;
			compatibilityVersion = "Xcode 13.0";
			developmentRegion = en;
			hasScannedForEncodings = 0;
			knownRegions = (
				en,
				Base,
			);
			mainGroup = 6C489D20282AA49800A85710;
			packageReferences = (
				6C489D40282AA53F00A85710 /* XCRemoteSwiftPackageReference "lottie-ios" */,
			);
			productRefGroup = 6C489D2A282AA49900A85710 /* Products */;
			projectDirPath = "";
			projectRoot = "";
			targets = (
				6C489D28282AA49900A85710 /* LottieInteractionsExamples */,
			);
		};
/* End PBXProject section */

/* Begin PBXResourcesBuildPhase section */
		6C489D27282AA49900A85710 /* Resources */ = {
			isa = PBXResourcesBuildPhase;
			buildActionMask = 2147483647;
			files = (
				6C489D49282AAA4600A85710 /* holidaysGiftAnimation.json in Resources */,
				6C489D39282AA49A00A85710 /* LaunchScreen.storyboard in Resources */,
				6C489D36282AA49A00A85710 /* Assets.xcassets in Resources */,
			);
			runOnlyForDeploymentPostprocessing = 0;
		};
/* End PBXResourcesBuildPhase section */

/* Begin PBXSourcesBuildPhase section */
		6C489D25282AA49900A85710 /* Sources */ = {
			isa = PBXSourcesBuildPhase;
			buildActionMask = 2147483647;
			files = (
				6C489D31282AA49900A85710 /* MainViewController.swift in Sources */,
				6C489D2D282AA49900A85710 /* AppDelegate.swift in Sources */,
				6C489D45282AA75E00A85710 /* OpenGiftViewController.swift in Sources */,
				6C489D2F282AA49900A85710 /* SceneDelegate.swift in Sources */,
			);
			runOnlyForDeploymentPostprocessing = 0;
		};
/* End PBXSourcesBuildPhase section */

/* Begin PBXVariantGroup section */
		6C489D37282AA49A00A85710 /* LaunchScreen.storyboard */ = {
			isa = PBXVariantGroup;
			children = (
				6C489D38282AA49A00A85710 /* Base */,
			);
			name = LaunchScreen.storyboard;
			sourceTree = "<group>";
		};
/* End PBXVariantGroup section */

/* Begin XCBuildConfiguration section */
		6C489D3B282AA49A00A85710 /* Debug */ = {
			isa = XCBuildConfiguration;
			buildSettings = {
				ALWAYS_SEARCH_USER_PATHS = NO;
				CLANG_ANALYZER_NONNULL = YES;
				CLANG_ANALYZER_NUMBER_OBJECT_CONVERSION = YES_AGGRESSIVE;
				CLANG_CXX_LANGUAGE_STANDARD = "gnu++17";
				CLANG_ENABLE_MODULES = YES;
				CLANG_ENABLE_OBJC_ARC = YES;
				CLANG_ENABLE_OBJC_WEAK = YES;
				CLANG_WARN_BLOCK_CAPTURE_AUTORELEASING = YES;
				CLANG_WARN_BOOL_CONVERSION = YES;
				CLANG_WARN_COMMA = YES;
				CLANG_WARN_CONSTANT_CONVERSION = YES;
				CLANG_WARN_DEPRECATED_OBJC_IMPLEMENTATIONS = YES;
				CLANG_WARN_DIRECT_OBJC_ISA_USAGE = YES_ERROR;
				CLANG_WARN_DOCUMENTATION_COMMENTS = YES;
				CLANG_WARN_EMPTY_BODY = YES;
				CLANG_WARN_ENUM_CONVERSION = YES;
				CLANG_WARN_INFINITE_RECURSION = YES;
				CLANG_WARN_INT_CONVERSION = YES;
				CLANG_WARN_NON_LITERAL_NULL_CONVERSION = YES;
				CLANG_WARN_OBJC_IMPLICIT_RETAIN_SELF = YES;
				CLANG_WARN_OBJC_LITERAL_CONVERSION = YES;
				CLANG_WARN_OBJC_ROOT_CLASS = YES_ERROR;
				CLANG_WARN_QUOTED_INCLUDE_IN_FRAMEWORK_HEADER = YES;
				CLANG_WARN_RANGE_LOOP_ANALYSIS = YES;
				CLANG_WARN_STRICT_PROTOTYPES = YES;
				CLANG_WARN_SUSPICIOUS_MOVE = YES;
				CLANG_WARN_UNGUARDED_AVAILABILITY = YES_AGGRESSIVE;
				CLANG_WARN_UNREACHABLE_CODE = YES;
				CLANG_WARN__DUPLICATE_METHOD_MATCH = YES;
				COPY_PHASE_STRIP = NO;
				DEBUG_INFORMATION_FORMAT = dwarf;
				ENABLE_STRICT_OBJC_MSGSEND = YES;
				ENABLE_TESTABILITY = YES;
				GCC_C_LANGUAGE_STANDARD = gnu11;
				GCC_DYNAMIC_NO_PIC = NO;
				GCC_NO_COMMON_BLOCKS = YES;
				GCC_OPTIMIZATION_LEVEL = 0;
				GCC_PREPROCESSOR_DEFINITIONS = (
					"DEBUG=1",
					"$(inherited)",
				);
				GCC_WARN_64_TO_32_BIT_CONVERSION = YES;
				GCC_WARN_ABOUT_RETURN_TYPE = YES_ERROR;
				GCC_WARN_UNDECLARED_SELECTOR = YES;
				GCC_WARN_UNINITIALIZED_AUTOS = YES_AGGRESSIVE;
				GCC_WARN_UNUSED_FUNCTION = YES;
				GCC_WARN_UNUSED_VARIABLE = YES;
				IPHONEOS_DEPLOYMENT_TARGET = 15.4;
				MTL_ENABLE_DEBUG_INFO = INCLUDE_SOURCE;
				MTL_FAST_MATH = YES;
				ONLY_ACTIVE_ARCH = YES;
				SDKROOT = iphoneos;
				SWIFT_ACTIVE_COMPILATION_CONDITIONS = DEBUG;
				SWIFT_OPTIMIZATION_LEVEL = "-Onone";
			};
			name = Debug;
		};
		6C489D3C282AA49A00A85710 /* Release */ = {
			isa = XCBuildConfiguration;
			buildSettings = {
				ALWAYS_SEARCH_USER_PATHS = NO;
				CLANG_ANALYZER_NONNULL = YES;
				CLANG_ANALYZER_NUMBER_OBJECT_CONVERSION = YES_AGGRESSIVE;
				CLANG_CXX_LANGUAGE_STANDARD = "gnu++17";
				CLANG_ENABLE_MODULES = YES;
				CLANG_ENABLE_OBJC_ARC = YES;
				CLANG_ENABLE_OBJC_WEAK = YES;
				CLANG_WARN_BLOCK_CAPTURE_AUTORELEASING = YES;
				CLANG_WARN_BOOL_CONVERSION = YES;
				CLANG_WARN_COMMA = YES;
				CLANG_WARN_CONSTANT_CONVERSION = YES;
				CLANG_WARN_DEPRECATED_OBJC_IMPLEMENTATIONS = YES;
				CLANG_WARN_DIRECT_OBJC_ISA_USAGE = YES_ERROR;
				CLANG_WARN_DOCUMENTATION_COMMENTS = YES;
				CLANG_WARN_EMPTY_BODY = YES;
				CLANG_WARN_ENUM_CONVERSION = YES;
				CLANG_WARN_INFINITE_RECURSION = YES;
				CLANG_WARN_INT_CONVERSION = YES;
				CLANG_WARN_NON_LITERAL_NULL_CONVERSION = YES;
				CLANG_WARN_OBJC_IMPLICIT_RETAIN_SELF = YES;
				CLANG_WARN_OBJC_LITERAL_CONVERSION = YES;
				CLANG_WARN_OBJC_ROOT_CLASS = YES_ERROR;
				CLANG_WARN_QUOTED_INCLUDE_IN_FRAMEWORK_HEADER = YES;
				CLANG_WARN_RANGE_LOOP_ANALYSIS = YES;
				CLANG_WARN_STRICT_PROTOTYPES = YES;
				CLANG_WARN_SUSPICIOUS_MOVE = YES;
				CLANG_WARN_UNGUARDED_AVAILABILITY = YES_AGGRESSIVE;
				CLANG_WARN_UNREACHABLE_CODE = YES;
				CLANG_WARN__DUPLICATE_METHOD_MATCH = YES;
				COPY_PHASE_STRIP = NO;
				DEBUG_INFORMATION_FORMAT = "dwarf-with-dsym";
				ENABLE_NS_ASSERTIONS = NO;
				ENABLE_STRICT_OBJC_MSGSEND = YES;
				GCC_C_LANGUAGE_STANDARD = gnu11;
				GCC_NO_COMMON_BLOCKS = YES;
				GCC_WARN_64_TO_32_BIT_CONVERSION = YES;
				GCC_WARN_ABOUT_RETURN_TYPE = YES_ERROR;
				GCC_WARN_UNDECLARED_SELECTOR = YES;
				GCC_WARN_UNINITIALIZED_AUTOS = YES_AGGRESSIVE;
				GCC_WARN_UNUSED_FUNCTION = YES;
				GCC_WARN_UNUSED_VARIABLE = YES;
				IPHONEOS_DEPLOYMENT_TARGET = 15.4;
				MTL_ENABLE_DEBUG_INFO = NO;
				MTL_FAST_MATH = YES;
				SDKROOT = iphoneos;
				SWIFT_COMPILATION_MODE = wholemodule;
				SWIFT_OPTIMIZATION_LEVEL = "-O";
				VALIDATE_PRODUCT = YES;
			};
			name = Release;
		};
		6C489D3E282AA49A00A85710 /* Debug */ = {
			isa = XCBuildConfiguration;
			buildSettings = {
				ASSETCATALOG_COMPILER_APPICON_NAME = AppIcon;
				ASSETCATALOG_COMPILER_GLOBAL_ACCENT_COLOR_NAME = AccentColor;
				CODE_SIGN_STYLE = Automatic;
				CURRENT_PROJECT_VERSION = 1;
				DEVELOPMENT_TEAM = S2DSCP4F3H;
				GENERATE_INFOPLIST_FILE = YES;
				INFOPLIST_FILE = LottieInteractionsExamples/Info.plist;
				INFOPLIST_KEY_UIApplicationSupportsIndirectInputEvents = YES;
				INFOPLIST_KEY_UILaunchStoryboardName = LaunchScreen;
				INFOPLIST_KEY_UISupportedInterfaceOrientations_iPad = "UIInterfaceOrientationPortrait UIInterfaceOrientationPortraitUpsideDown UIInterfaceOrientationLandscapeLeft UIInterfaceOrientationLandscapeRight";
				INFOPLIST_KEY_UISupportedInterfaceOrientations_iPhone = "UIInterfaceOrientationPortrait UIInterfaceOrientationLandscapeLeft UIInterfaceOrientationLandscapeRight";
				LD_RUNPATH_SEARCH_PATHS = (
					"$(inherited)",
					"@executable_path/Frameworks",
				);
				MARKETING_VERSION = 1.0;
				PRODUCT_BUNDLE_IDENTIFIER = com.lottiefiles.LottieInteractionsExamples;
				PRODUCT_NAME = "$(TARGET_NAME)";
				SWIFT_EMIT_LOC_STRINGS = YES;
				SWIFT_VERSION = 5.0;
				TARGETED_DEVICE_FAMILY = "1,2";
			};
			name = Debug;
		};
		6C489D3F282AA49A00A85710 /* Release */ = {
			isa = XCBuildConfiguration;
			buildSettings = {
				ASSETCATALOG_COMPILER_APPICON_NAME = AppIcon;
				ASSETCATALOG_COMPILER_GLOBAL_ACCENT_COLOR_NAME = AccentColor;
				CODE_SIGN_STYLE = Automatic;
				CURRENT_PROJECT_VERSION = 1;
				DEVELOPMENT_TEAM = S2DSCP4F3H;
				GENERATE_INFOPLIST_FILE = YES;
				INFOPLIST_FILE = LottieInteractionsExamples/Info.plist;
				INFOPLIST_KEY_UIApplicationSupportsIndirectInputEvents = YES;
				INFOPLIST_KEY_UILaunchStoryboardName = LaunchScreen;
				INFOPLIST_KEY_UISupportedInterfaceOrientations_iPad = "UIInterfaceOrientationPortrait UIInterfaceOrientationPortraitUpsideDown UIInterfaceOrientationLandscapeLeft UIInterfaceOrientationLandscapeRight";
				INFOPLIST_KEY_UISupportedInterfaceOrientations_iPhone = "UIInterfaceOrientationPortrait UIInterfaceOrientationLandscapeLeft UIInterfaceOrientationLandscapeRight";
				LD_RUNPATH_SEARCH_PATHS = (
					"$(inherited)",
					"@executable_path/Frameworks",
				);
				MARKETING_VERSION = 1.0;
				PRODUCT_BUNDLE_IDENTIFIER = com.lottiefiles.LottieInteractionsExamples;
				PRODUCT_NAME = "$(TARGET_NAME)";
				SWIFT_EMIT_LOC_STRINGS = YES;
				SWIFT_VERSION = 5.0;
				TARGETED_DEVICE_FAMILY = "1,2";
			};
			name = Release;
		};
/* End XCBuildConfiguration section */

/* Begin XCConfigurationList section */
		6C489D24282AA49800A85710 /* Build configuration list for PBXProject "LottieInteractionsExamples" */ = {
			isa = XCConfigurationList;
			buildConfigurations = (
				6C489D3B282AA49A00A85710 /* Debug */,
				6C489D3C282AA49A00A85710 /* Release */,
			);
			defaultConfigurationIsVisible = 0;
			defaultConfigurationName = Release;
		};
		6C489D3D282AA49A00A85710 /* Build configuration list for PBXNativeTarget "LottieInteractionsExamples" */ = {
			isa = XCConfigurationList;
			buildConfigurations = (
				6C489D3E282AA49A00A85710 /* Debug */,
				6C489D3F282AA49A00A85710 /* Release */,
			);
			defaultConfigurationIsVisible = 0;
			defaultConfigurationName = Release;
		};
/* End XCConfigurationList section */

/* Begin XCRemoteSwiftPackageReference section */
		6C489D40282AA53F00A85710 /* XCRemoteSwiftPackageReference "lottie-ios" */ = {
			isa = XCRemoteSwiftPackageReference;
			repositoryURL = "https://github.com/LottieFiles/lottie-ios";
			requirement = {
				kind = upToNextMajorVersion;
				minimumVersion = 3.0.0;
			};
		};
/* End XCRemoteSwiftPackageReference section */

/* Begin XCSwiftPackageProductDependency section */
		6C489D41282AA53F00A85710 /* Lottie */ = {
			isa = XCSwiftPackageProductDependency;
			package = 6C489D40282AA53F00A85710 /* XCRemoteSwiftPackageReference "lottie-ios" */;
			productName = Lottie;
		};
/* End XCSwiftPackageProductDependency section */
	};
	rootObject = 6C489D21282AA49800A85710 /* Project object */;
}
